
Microsoft Visual Studio Solution File, Format Version 12.00
# Visual Studio Version 17
VisualStudioVersion = 17.14.36127.28 d17.14
MinimumVisualStudioVersion = 10.0.40219.1
Project("{FAE04EC0-301F-11D3-BF4B-00C04F79EFBC}") = "BookingRequests System", "BookingRequests System\BookingRequests System.csproj", "{DE69DED6-080E-4C45-B71F-AFB756E790FA}"
EndProject
Global
	GlobalSection(SolutionConfigurationPlatforms) = preSolution
		Debug|Any CPU = Debug|Any CPU
		Release|Any CPU = Release|Any CPU
	EndGlobalSection
	GlobalSection(ProjectConfigurationPlatforms) = postSolution
		{DE69DED6-080E-4C45-B71F-AFB756E790FA}.Debug|Any CPU.ActiveCfg = Debug|Any CPU
		{DE69DED6-080E-4C45-B71F-AFB756E790FA}.Debug|Any CPU.Build.0 = Debug|Any CPU
		{DE69DED6-080E-4C45-B71F-AFB756E790FA}.Release|Any CPU.ActiveCfg = Release|Any CPU
		{DE69DED6-080E-4C45-B71F-AFB756E790FA}.Release|Any CPU.Build.0 = Release|Any CPU
	EndGlobalSection
	GlobalSection(SolutionProperties) = preSolution
		HideSolutionNode = FALSE
	EndGlobalSection
	GlobalSection(ExtensibilityGlobals) = postSolution
		SolutionGuid = {E669E73A-424E-4015-9B82-088FE5E88B88}
	EndGlobalSection
EndGlobal
